{
  "nodes": {
    "home-manager": {
      "inputs": {
        "nixpkgs": [
          "nixpkgs"
        ]
      },
      "locked": {
        "lastModified": 1773093840,
        "narHash": "sha256-u/96NoAyN8BSRuM3ZimGf7vyYgXa3pLx4MYWjokuoH4=",
        "owner": "nix-community",
        "repo": "home-manager",
        "rev": "bb014746edb2a98d975abde4dd40fa240de4cf86",
        "type": "github"
      },
      "original": {
        "owner": "nix-community",
        "repo": "home-manager",
        "type": "github"
      }
    },
    "my-dotfiles": {
      "flake": false,
      "locked": {
        "lastModified": 1773133102,
        "narHash": "sha256-TOofwGyiflLa1LKeun0lTsiOHlvPJYdUWpWGd87Rpus=",
        "owner": "handy-sun",
        "repo": "dotfiles",
        "rev": "3cd474b99c91ccebbb2983b604c43f6acaef0f83",
        "type": "github"
      },
      "original": {
        "owner": "handy-sun",
        "ref": "main",
        "repo": "dotfiles",
        "type": "github"
      }
    },
    "my-dotzsh": {
      "flake": false,
      "locked": {
        "lastModified": 1773130330,
        "narHash": "sha256-x271HPsLMlYlSIV8THorqszkceiDg0jBS1K/m2CE48k=",
        "owner": "handy-sun",
        "repo": "dotzsh",
        "rev": "6c500da6b25e0bb2125946cf613928d4863e6024",
        "type": "github"
      },
      "original": {
        "owner": "handy-sun",
        "repo": "dotzsh",
        "type": "github"
      }
    },
    "nixpkgs": {
      "locked": {
        "lastModified": 1772956932,
        "narHash": "sha256-M0yS4AafhKxPPmOHGqIV0iKxgNO8bHDWdl1kOwGBwRY=",
        "owner": "nixos",
        "repo": "nixpkgs",
        "rev": "608d0cadfed240589a7eea422407a547ad626a14",
        "type": "github"
      },
      "original": {
        "owner": "nixos",
        "ref": "nixpkgs-unstable",
        "repo": "nixpkgs",
        "type": "github"
      }
    },
    "root": {
      "inputs": {
        "home-manager": "home-manager",
        "my-dotfiles": "my-dotfiles",
        "my-dotzsh": "my-dotzsh",
        "nixpkgs": "nixpkgs",
        "rust-overlay": "rust-overlay"
      }
    },
    "rust-overlay": {
      "inputs": {
        "nixpkgs": [
          "nixpkgs"
        ]
      },
      "locked": {
        "lastModified": 1773115373,
        "narHash": "sha256-bfK9FJFcQth6f3ydYggS5m0z2NRGF/PY6Y2XgZDJ6pg=",
        "owner": "oxalica",
        "repo": "rust-overlay",
        "rev": "1924b4672a2b8e4aee6e6652ec2e59a8d3c5648e",
        "type": "github"
      },
      "original": {
        "owner": "oxalica",
        "repo": "rust-overlay",
        "type": "github"
      }
    }
  },
  "root": "root",
  "version": 7
}
